
Microsoft Visual Studio Solution File, Format Version 12.00
# Visual Studio Version 16
VisualStudioVersion = 16.0.31129.286
MinimumVisualStudioVersion = 10.0.40219.1
Project("{9A19103F-16F7-4668-BE54-9A1E7A4F7556}") = "DotNetCoreConfigVault.Client", "DotNetCoreConfigVault.Client\DotNetCoreConfigVault.Client.csproj", "{BBCE65C4-513A-4956-A902-AF21F4F0E938}"
EndProject
Project("{FAE04EC0-301F-11D3-BF4B-00C04F79EFBC}") = "DotNetCoreConfigVault.Tests", "DotNetCoreConfigVault.Tests\DotNetCoreConfigVault.Tests.csproj", "{35091E1E-0EA0-4E19-9153-F48A3E9C90C0}"
EndProject
Global
	GlobalSection(SolutionConfigurationPlatforms) = preSolution
		Debug|Any CPU = Debug|Any CPU
		Release|Any CPU = Release|Any CPU
	EndGlobalSection
	GlobalSection(ProjectConfigurationPlatforms) = postSolution
		{BBCE65C4-513A-4956-A902-AF21F4F0E938}.Debug|Any CPU.ActiveCfg = Debug|Any CPU
		{BBCE65C4-513A-4956-A902-AF21F4F0E938}.Debug|Any CPU.Build.0 = Debug|Any CPU
		{BBCE65C4-513A-4956-A902-AF21F4F0E938}.Release|Any CPU.ActiveCfg = Release|Any CPU
		{BBCE65C4-513A-4956-A902-AF21F4F0E938}.Release|Any CPU.Build.0 = Release|Any CPU
		{35091E1E-0EA0-4E19-9153-F48A3E9C90C0}.Debug|Any CPU.ActiveCfg = Debug|Any CPU
		{35091E1E-0EA0-4E19-9153-F48A3E9C90C0}.Debug|Any CPU.Build.0 = Debug|Any CPU
		{35091E1E-0EA0-4E19-9153-F48A3E9C90C0}.Release|Any CPU.ActiveCfg = Release|Any CPU
		{35091E1E-0EA0-4E19-9153-F48A3E9C90C0}.Release|Any CPU.Build.0 = Release|Any CPU
	EndGlobalSection
	GlobalSection(SolutionProperties) = preSolution
		HideSolutionNode = FALSE
	EndGlobalSection
	GlobalSection(ExtensibilityGlobals) = postSolution
		SolutionGuid = {F6576FAA-8CC0-456E-8BC3-4756EDB179DC}
	EndGlobalSection
EndGlobal
